
Microsoft Visual Studio Solution File, Format Version 12.00
# Visual Studio Version 17
VisualStudioVersion = 17.0.31912.275
MinimumVisualStudioVersion = 10.0.40219.1
Project("{FAE04EC0-301F-11D3-BF4B-00C04F79EFBC}") = "DigikalaCrawler.App", "DigikalaCrawler.App\DigikalaCrawler.App.csproj", "{5642F484-8810-4D65-85D4-322F7AEC561C}"
EndProject
Project("{FAE04EC0-301F-11D3-BF4B-00C04F79EFBC}") = "DigikalaCrawler.Models", "DigikalaCrawler.Models\DigikalaCrawler.Models.csproj", "{C567CCA3-282F-472C-866A-9DE13058D235}"
EndProject
Project("{FAE04EC0-301F-11D3-BF4B-00C04F79EFBC}") = "DigikalaCrawler.Services", "DigikalaCrawler.Services\DigikalaCrawler.Services.csproj", "{20E014F2-4158-4009-97FE-133AC0054EE0}"
EndProject
Project("{FAE04EC0-301F-11D3-BF4B-00C04F79EFBC}") = "DigikalaCrawler.Data.Mongo", "DigikalaCrawler.Data.Mongo\DigikalaCrawler.Data.Mongo.csproj", "{6435D68F-F9BF-41F6-B672-2D684EC19079}"
EndProject
Project("{FAE04EC0-301F-11D3-BF4B-00C04F79EFBC}") = "DigikalaCrawler.WebServer", "DigikalaCrawler.WebServer\DigikalaCrawler.WebServer.csproj", "{EF679621-B8F6-4555-AE51-14832E0013F4}"
EndProject
Global
	GlobalSection(SolutionConfigurationPlatforms) = preSolution
		Debug|Any CPU = Debug|Any CPU
		Release|Any CPU = Release|Any CPU
	EndGlobalSection
	GlobalSection(ProjectConfigurationPlatforms) = postSolution
		{5642F484-8810-4D65-85D4-322F7AEC561C}.Debug|Any CPU.ActiveCfg = Debug|Any CPU
		{5642F484-8810-4D65-85D4-322F7AEC561C}.Debug|Any CPU.Build.0 = Debug|Any CPU
		{5642F484-8810-4D65-85D4-322F7AEC561C}.Release|Any CPU.ActiveCfg = Release|Any CPU
		{5642F484-8810-4D65-85D4-322F7AEC561C}.Release|Any CPU.Build.0 = Release|Any CPU
		{C567CCA3-282F-472C-866A-9DE13058D235}.Debug|Any CPU.ActiveCfg = Debug|Any CPU
		{C567CCA3-282F-472C-866A-9DE13058D235}.Debug|Any CPU.Build.0 = Debug|Any CPU
		{C567CCA3-282F-472C-866A-9DE13058D235}.Release|Any CPU.ActiveCfg = Release|Any CPU
		{C567CCA3-282F-472C-866A-9DE13058D235}.Release|Any CPU.Build.0 = Release|Any CPU
		{20E014F2-4158-4009-97FE-133AC0054EE0}.Debug|Any CPU.ActiveCfg = Debug|Any CPU
		{20E014F2-4158-4009-97FE-133AC0054EE0}.Debug|Any CPU.Build.0 = Debug|Any CPU
		{20E014F2-4158-4009-97FE-133AC0054EE0}.Release|Any CPU.ActiveCfg = Release|Any CPU
		{20E014F2-4158-4009-97FE-133AC0054EE0}.Release|Any CPU.Build.0 = Release|Any CPU
		{6435D68F-F9BF-41F6-B672-2D684EC19079}.Debug|Any CPU.ActiveCfg = Debug|Any CPU
		{6435D68F-F9BF-41F6-B672-2D684EC19079}.Debug|Any CPU.Build.0 = Debug|Any CPU
		{6435D68F-F9BF-41F6-B672-2D684EC19079}.Release|Any CPU.ActiveCfg = Release|Any CPU
		{6435D68F-F9BF-41F6-B672-2D684EC19079}.Release|Any CPU.Build.0 = Release|Any CPU
		{EF679621-B8F6-4555-AE51-14832E0013F4}.Debug|Any CPU.ActiveCfg = Debug|Any CPU
		{EF679621-B8F6-4555-AE51-14832E0013F4}.Debug|Any CPU.Build.0 = Debug|Any CPU
		{EF679621-B8F6-4555-AE51-14832E0013F4}.Release|Any CPU.ActiveCfg = Release|Any CPU
		{EF679621-B8F6-4555-AE51-14832E0013F4}.Release|Any CPU.Build.0 = Release|Any CPU
	EndGlobalSection
	GlobalSection(SolutionProperties) = preSolution
		HideSolutionNode = FALSE
	EndGlobalSection
	GlobalSection(ExtensibilityGlobals) = postSolution
		SolutionGuid = {4516F094-C0E7-4DA3-8E29-AD202B09393D}
	EndGlobalSection
EndGlobal
